
Microsoft Visual Studio Solution File, Format Version 12.00
# Visual Studio 14
VisualStudioVersion = 14.0.25420.1
MinimumVisualStudioVersion = 10.0.40219.1
Project("{FAE04EC0-301F-11D3-BF4B-00C04F79EFBC}") = "Exe10.EmailValidator", "Exe10.EmailValidator\Exe10.EmailValidator.csproj", "{7B77A320-D636-4054-BE20-2EFA0E0A93DB}"
EndProject
Project("{FAE04EC0-301F-11D3-BF4B-00C04F79EFBC}") = "Exe10.Test", "Exe10.Test\Exe10.Test.csproj", "{49A7D3D2-EAB1-4B14-A571-965E0E9ED0CE}"
EndProject
Global
	GlobalSection(SolutionConfigurationPlatforms) = preSolution
		Debug|Any CPU = Debug|Any CPU
		Release|Any CPU = Release|Any CPU
	EndGlobalSection
	GlobalSection(ProjectConfigurationPlatforms) = postSolution
		{7B77A320-D636-4054-BE20-2EFA0E0A93DB}.Debug|Any CPU.ActiveCfg = Debug|Any CPU
		{7B77A320-D636-4054-BE20-2EFA0E0A93DB}.Debug|Any CPU.Build.0 = Debug|Any CPU
		{7B77A320-D636-4054-BE20-2EFA0E0A93DB}.Release|Any CPU.ActiveCfg = Release|Any CPU
		{7B77A320-D636-4054-BE20-2EFA0E0A93DB}.Release|Any CPU.Build.0 = Release|Any CPU
		{49A7D3D2-EAB1-4B14-A571-965E0E9ED0CE}.Debug|Any CPU.ActiveCfg = Debug|Any CPU
		{49A7D3D2-EAB1-4B14-A571-965E0E9ED0CE}.Debug|Any CPU.Build.0 = Debug|Any CPU
		{49A7D3D2-EAB1-4B14-A571-965E0E9ED0CE}.Release|Any CPU.ActiveCfg = Release|Any CPU
		{49A7D3D2-EAB1-4B14-A571-965E0E9ED0CE}.Release|Any CPU.Build.0 = Release|Any CPU
	EndGlobalSection
	GlobalSection(SolutionProperties) = preSolution
		HideSolutionNode = FALSE
	EndGlobalSection
EndGlobal
